
Microsoft Visual Studio Solution File, Format Version 12.00
# Visual Studio Version 17
VisualStudioVersion = 17.14.36511.14
MinimumVisualStudioVersion = 10.0.40219.1
Project("{2150E333-8FDC-42A3-9474-1A3956D46DE8}") = "Task0", "Task0", "{02EA681E-C7D8-13C7-8484-4AC65E1B71E8}"
EndProject
Project("{FAE04EC0-301F-11D3-BF4B-00C04F79EFBC}") = "Tyuiu.MalchikhinaVV.Sprint3.Task0.V8", "Tyuiu.MalchikhinaVV.Sprint3.Task0.V8\Tyuiu.MalchikhinaVV.Sprint3.Task0.V8.csproj", "{FA190988-B4AA-417F-8C65-6B7DFF008448}"
EndProject
Project("{FAE04EC0-301F-11D3-BF4B-00C04F79EFBC}") = "Tyuiu.MalchikhinaVV.Sprint3.Task0.V8.Lib", "Tyuiu.MalchikhinaVV.Sprint3.Task0.V8.Lib\Tyuiu.MalchikhinaVV.Sprint3.Task0.V8.Lib.csproj", "{4084D8F1-06D5-4329-82A4-CE54E16BCC74}"
EndProject
Project("{FAE04EC0-301F-11D3-BF4B-00C04F79EFBC}") = "Tyuiu.MalchikhinaVV.Sprint3.Task0.V8.Test", "Tyuiu.MalchikhinaVV.Sprint3.Task0.V8.Test\Tyuiu.MalchikhinaVV.Sprint3.Task0.V8.Test.csproj", "{CB7B9BAF-92E6-4E5C-A18F-72836C772FE0}"
EndProject
Project("{2150E333-8FDC-42A3-9474-1A3956D46DE8}") = "Task1", "Task1", "{65E56B5F-0E77-4F58-9C97-623A02EFAEE3}"
EndProject
Project("{FAE04EC0-301F-11D3-BF4B-00C04F79EFBC}") = "Tyuiu.MalchikhinaVV.Sprint3.Task1.V22", "Tyuiu.MalchikhinaVV.Sprint3.Task1.V22\Tyuiu.MalchikhinaVV.Sprint3.Task1.V22.csproj", "{522C3CF8-1BC9-46C5-9EE2-A00536692F0F}"
EndProject
Project("{FAE04EC0-301F-11D3-BF4B-00C04F79EFBC}") = "Tyuiu.MalchikhinaVV.Sprint3.Task1.V22.Lib", "Tyuiu.MalchikhinaVV.Sprint3.Task1.V22.Lib\Tyuiu.MalchikhinaVV.Sprint3.Task1.V22.Lib.csproj", "{A38247B3-ABEA-4FE6-A6FA-C497C3EB14AB}"
EndProject
Project("{FAE04EC0-301F-11D3-BF4B-00C04F79EFBC}") = "Tyuiu.MalchikhinaVV.Sprint3.Task1.V22.Test", "Tyuiu.MalchikhinaVV.Sprint3.Task1.V22.Test\Tyuiu.MalchikhinaVV.Sprint3.Task1.V22.Test.csproj", "{3D8411E6-F01A-45B9-85DD-EBAA12121C4B}"
EndProject
Project("{2150E333-8FDC-42A3-9474-1A3956D46DE8}") = "Task2", "Task2", "{76A943C9-BE59-48A3-8239-663F50B8750E}"
EndProject
Project("{FAE04EC0-301F-11D3-BF4B-00C04F79EFBC}") = "Tyuiu.MalchikhinaVV.Sprint3.Task2.V26", "Tyuiu.MalchikhinaVV.Sprint3.Task2.V26\Tyuiu.MalchikhinaVV.Sprint3.Task2.V26.csproj", "{0A932CCA-7EFF-462C-9C3C-65E30A258135}"
EndProject
Project("{FAE04EC0-301F-11D3-BF4B-00C04F79EFBC}") = "Tyuiu.MalchikhinaVV.Sprint3.Task2.V26.Lib", "Tyuiu.MalchikhinaVV.Sprint3.Task2.V26.Lib\Tyuiu.MalchikhinaVV.Sprint3.Task2.V26.Lib.csproj", "{98DF49B1-7DC2-4748-9214-78EB15B4B7B2}"
EndProject
Project("{FAE04EC0-301F-11D3-BF4B-00C04F79EFBC}") = "Tyuiu.MalchikhinaVV.Sprint3.Task2.V26.Test", "Tyuiu.MalchikhinaVV.Sprint3.Task2.V26.Test\Tyuiu.MalchikhinaVV.Sprint3.Task2.V26.Test.csproj", "{CA4A9862-884C-4768-9664-FDD8D2843569}"
EndProject
Project("{2150E333-8FDC-42A3-9474-1A3956D46DE8}") = "Task3", "Task3", "{32FDBBC4-EA32-41C0-B65F-E4D25BC76B0B}"
EndProject
Project("{FAE04EC0-301F-11D3-BF4B-00C04F79EFBC}") = "Tyuiu.MalchikhinaVV.Sprint3.Task3.V24", "Tyuiu.MalchikhinaVV.Sprint3.Task3.V24\Tyuiu.MalchikhinaVV.Sprint3.Task3.V24.csproj", "{580DBD70-0CB8-442F-B9A5-4105A4336C19}"
EndProject
Project("{FAE04EC0-301F-11D3-BF4B-00C04F79EFBC}") = "Tyuiu.MalchikhinaVV.Sprint3.Task3.V24.Lib", "Tyuiu.MalchikhinaVV.Sprint3.Task3.V24.Lib\Tyuiu.MalchikhinaVV.Sprint3.Task3.V24.Lib.csproj", "{C4F2F71C-78F6-4BCF-896B-C4F4940B1866}"
EndProject
Project("{FAE04EC0-301F-11D3-BF4B-00C04F79EFBC}") = "Tyuiu.MalchikhinaVV.Sprint3.Task3.V24.Test", "Tyuiu.MalchikhinaVV.Sprint3.Task3.V24.Test\Tyuiu.MalchikhinaVV.Sprint3.Task3.V24.Test.csproj", "{7E9D957C-A9C3-4795-A288-142578D5B148}"
EndProject
Project("{2150E333-8FDC-42A3-9474-1A3956D46DE8}") = "Task4", "Task4", "{18A78628-2022-46E9-9F92-60E8CF72DB09}"
EndProject
Project("{FAE04EC0-301F-11D3-BF4B-00C04F79EFBC}") = "Tyuiu.MalchikhinaVV.Sprint3.Task4.V7", "Tyuiu.MalchikhinaVV.Sprint3.Task4.V7\Tyuiu.MalchikhinaVV.Sprint3.Task4.V7.csproj", "{681BF377-2CE0-42E8-975F-5A6669DD379F}"
EndProject
Project("{FAE04EC0-301F-11D3-BF4B-00C04F79EFBC}") = "Tyuiu.MalchikhinaVV.Sprint3.Task4.V7.Lib", "Tyuiu.MalchikhinaVV.Sprint3.Task4.V7.Lib\Tyuiu.MalchikhinaVV.Sprint3.Task4.V7.Lib.csproj", "{25F9D59E-9FA6-426B-A680-C6F90BF24067}"
EndProject
Project("{FAE04EC0-301F-11D3-BF4B-00C04F79EFBC}") = "Tyuiu.MalchikhinaVV.Sprint3.Task4.V7.Test", "Tyuiu.MalchikhinaVV.Sprint3.Task4.V7.Test\Tyuiu.MalchikhinaVV.Sprint3.Task4.V7.Test.csproj", "{18883ABC-95F6-4DB0-BE8C-65C081B450A2}"
EndProject
Project("{2150E333-8FDC-42A3-9474-1A3956D46DE8}") = "Task5", "Task5", "{5EB7580C-12FE-4242-A500-EFF0C5CF0CED}"
EndProject
Project("{FAE04EC0-301F-11D3-BF4B-00C04F79EFBC}") = "Tyuiu.MalchikhinaVV.Sprint3.Task5.V3", "Tyuiu.MalchikhinaVV.Sprint3.Task5.V3\Tyuiu.MalchikhinaVV.Sprint3.Task5.V3.csproj", "{391D8D3C-A72F-45B5-B4DD-D42F0FF932C9}"
EndProject
Project("{FAE04EC0-301F-11D3-BF4B-00C04F79EFBC}") = "Tyuiu.MalchikhinaVV.Sprint3.Task5.V3.Lib", "Tyuiu.MalchikhinaVV.Sprint3.Task5.V3.Lib\Tyuiu.MalchikhinaVV.Sprint3.Task5.V3.Lib.csproj", "{87925733-5CE2-4BFA-B699-1C4EA412E9AE}"
EndProject
Project("{FAE04EC0-301F-11D3-BF4B-00C04F79EFBC}") = "Tyuiu.MalchikhinaVV.Sprint3.Task5.V3.Test", "Tyuiu.MalchikhinaVV.Sprint3.Task5.V3.Test\Tyuiu.MalchikhinaVV.Sprint3.Task5.V3.Test.csproj", "{49675798-616F-449F-B595-98663989CF32}"
EndProject
Project("{2150E333-8FDC-42A3-9474-1A3956D46DE8}") = "Task6", "Task6", "{FECC5C6E-864A-40AD-AA32-B907BB6AD33B}"
EndProject
Project("{FAE04EC0-301F-11D3-BF4B-00C04F79EFBC}") = "Tyuiu.MalchikhinaVV.Sprint3.Task6.V26", "Tyuiu.MalchikhinaVV.Sprint3.Task6.V26\Tyuiu.MalchikhinaVV.Sprint3.Task6.V26.csproj", "{7BD20455-2E80-4D62-8200-360506CEB882}"
EndProject
Project("{FAE04EC0-301F-11D3-BF4B-00C04F79EFBC}") = "Tyuiu.MalchikhinaVV.Sprint3.Task6.V26.Lib", "Tyuiu.MalchikhinaVV.Sprint3.Task6.V26.Lib\Tyuiu.MalchikhinaVV.Sprint3.Task6.V26.Lib.csproj", "{8613DB2E-4997-4467-B4B3-4F2C3CE580AA}"
EndProject
Project("{FAE04EC0-301F-11D3-BF4B-00C04F79EFBC}") = "Tyuiu.MalchikhinaVV.Sprint3.Task6.V26.Test", "Tyuiu.MalchikhinaVV.Sprint3.Task6.V26.Test\Tyuiu.MalchikhinaVV.Sprint3.Task6.V26.Test.csproj", "{1306FBDA-C352-42BC-87F3-E2980B73F507}"
EndProject
Global
	GlobalSection(SolutionConfigurationPlatforms) = preSolution
		Debug|Any CPU = Debug|Any CPU
		Release|Any CPU = Release|Any CPU
	EndGlobalSection
	GlobalSection(ProjectConfigurationPlatforms) = postSolution
		{FA190988-B4AA-417F-8C65-6B7DFF008448}.Debug|Any CPU.ActiveCfg = Debug|Any CPU
		{FA190988-B4AA-417F-8C65-6B7DFF008448}.Debug|Any CPU.Build.0 = Debug|Any CPU
		{FA190988-B4AA-417F-8C65-6B7DFF008448}.Release|Any CPU.ActiveCfg = Release|Any CPU
		{FA190988-B4AA-417F-8C65-6B7DFF008448}.Release|Any CPU.Build.0 = Release|Any CPU
		{4084D8F1-06D5-4329-82A4-CE54E16BCC74}.Debug|Any CPU.ActiveCfg = Debug|Any CPU
		{4084D8F1-06D5-4329-82A4-CE54E16BCC74}.Debug|Any CPU.Build.0 = Debug|Any CPU
		{4084D8F1-06D5-4329-82A4-CE54E16BCC74}.Release|Any CPU.ActiveCfg = Release|Any CPU
		{4084D8F1-06D5-4329-82A4-CE54E16BCC74}.Release|Any CPU.Build.0 = Release|Any CPU
		{CB7B9BAF-92E6-4E5C-A18F-72836C772FE0}.Debug|Any CPU.ActiveCfg = Debug|Any CPU
		{CB7B9BAF-92E6-4E5C-A18F-72836C772FE0}.Debug|Any CPU.Build.0 = Debug|Any CPU
		{CB7B9BAF-92E6-4E5C-A18F-72836C772FE0}.Release|Any CPU.ActiveCfg = Release|Any CPU
		{CB7B9BAF-92E6-4E5C-A18F-72836C772FE0}.Release|Any CPU.Build.0 = Release|Any CPU
		{522C3CF8-1BC9-46C5-9EE2-A00536692F0F}.Debug|Any CPU.ActiveCfg = Debug|Any CPU
		{522C3CF8-1BC9-46C5-9EE2-A00536692F0F}.Debug|Any CPU.Build.0 = Debug|Any CPU
		{522C3CF8-1BC9-46C5-9EE2-A00536692F0F}.Release|Any CPU.ActiveCfg = Release|Any CPU
		{522C3CF8-1BC9-46C5-9EE2-A00536692F0F}.Release|Any CPU.Build.0 = Release|Any CPU
		{A38247B3-ABEA-4FE6-A6FA-C497C3EB14AB}.Debug|Any CPU.ActiveCfg = Debug|Any CPU
		{A38247B3-ABEA-4FE6-A6FA-C497C3EB14AB}.Debug|Any CPU.Build.0 = Debug|Any CPU
		{A38247B3-ABEA-4FE6-A6FA-C497C3EB14AB}.Release|Any CPU.ActiveCfg = Release|Any CPU
		{A38247B3-ABEA-4FE6-A6FA-C497C3EB14AB}.Release|Any CPU.Build.0 = Release|Any CPU
		{3D8411E6-F01A-45B9-85DD-EBAA12121C4B}.Debug|Any CPU.ActiveCfg = Debug|Any CPU
		{3D8411E6-F01A-45B9-85DD-EBAA12121C4B}.Debug|Any CPU.Build.0 = Debug|Any CPU
		{3D8411E6-F01A-45B9-85DD-EBAA12121C4B}.Release|Any CPU.ActiveCfg = Release|Any CPU
		{3D8411E6-F01A-45B9-85DD-EBAA12121C4B}.Release|Any CPU.Build.0 = Release|Any CPU
		{0A932CCA-7EFF-462C-9C3C-65E30A258135}.Debug|Any CPU.ActiveCfg = Debug|Any CPU
		{0A932CCA-7EFF-462C-9C3C-65E30A258135}.Debug|Any CPU.Build.0 = Debug|Any CPU
		{0A932CCA-7EFF-462C-9C3C-65E30A258135}.Release|Any CPU.ActiveCfg = Release|Any CPU
		{0A932CCA-7EFF-462C-9C3C-65E30A258135}.Release|Any CPU.Build.0 = Release|Any CPU
		{98DF49B1-7DC2-4748-9214-78EB15B4B7B2}.Debug|Any CPU.ActiveCfg = Debug|Any CPU
		{98DF49B1-7DC2-4748-9214-78EB15B4B7B2}.Debug|Any CPU.Build.0 = Debug|Any CPU
		{98DF49B1-7DC2-4748-9214-78EB15B4B7B2}.Release|Any CPU.ActiveCfg = Release|Any CPU
		{98DF49B1-7DC2-4748-9214-78EB15B4B7B2}.Release|Any CPU.Build.0 = Release|Any CPU
		{CA4A9862-884C-4768-9664-FDD8D2843569}.Debug|Any CPU.ActiveCfg = Debug|Any CPU
		{CA4A9862-884C-4768-9664-FDD8D2843569}.Debug|Any CPU.Build.0 = Debug|Any CPU
		{CA4A9862-884C-4768-9664-FDD8D2843569}.Release|Any CPU.ActiveCfg = Release|Any CPU
		{CA4A9862-884C-4768-9664-FDD8D2843569}.Release|Any CPU.Build.0 = Release|Any CPU
		{580DBD70-0CB8-442F-B9A5-4105A4336C19}.Debug|Any CPU.ActiveCfg = Debug|Any CPU
		{580DBD70-0CB8-442F-B9A5-4105A4336C19}.Debug|Any CPU.Build.0 = Debug|Any CPU
		{580DBD70-0CB8-442F-B9A5-4105A4336C19}.Release|Any CPU.ActiveCfg = Release|Any CPU
		{580DBD70-0CB8-442F-B9A5-4105A4336C19}.Release|Any CPU.Build.0 = Release|Any CPU
		{C4F2F71C-78F6-4BCF-896B-C4F4940B1866}.Debug|Any CPU.ActiveCfg = Debug|Any CPU
		{C4F2F71C-78F6-4BCF-896B-C4F4940B1866}.Debug|Any CPU.Build.0 = Debug|Any CPU
		{C4F2F71C-78F6-4BCF-896B-C4F4940B1866}.Release|Any CPU.ActiveCfg = Release|Any CPU
		{C4F2F71C-78F6-4BCF-896B-C4F4940B1866}.Release|Any CPU.Build.0 = Release|Any CPU
		{7E9D957C-A9C3-4795-A288-142578D5B148}.Debug|Any CPU.ActiveCfg = Debug|Any CPU
		{7E9D957C-A9C3-4795-A288-142578D5B148}.Debug|Any CPU.Build.0 = Debug|Any CPU
		{7E9D957C-A9C3-4795-A288-142578D5B148}.Release|Any CPU.ActiveCfg = Release|Any CPU
		{7E9D957C-A9C3-4795-A288-142578D5B148}.Release|Any CPU.Build.0 = Release|Any CPU
		{681BF377-2CE0-42E8-975F-5A6669DD379F}.Debug|Any CPU.ActiveCfg = Debug|Any CPU
		{681BF377-2CE0-42E8-975F-5A6669DD379F}.Debug|Any CPU.Build.0 = Debug|Any CPU
		{681BF377-2CE0-42E8-975F-5A6669DD379F}.Release|Any CPU.ActiveCfg = Release|Any CPU
		{681BF377-2CE0-42E8-975F-5A6669DD379F}.Release|Any CPU.Build.0 = Release|Any CPU
		{25F9D59E-9FA6-426B-A680-C6F90BF24067}.Debug|Any CPU.ActiveCfg = Debug|Any CPU
		{25F9D59E-9FA6-426B-A680-C6F90BF24067}.Debug|Any CPU.Build.0 = Debug|Any CPU
		{25F9D59E-9FA6-426B-A680-C6F90BF24067}.Release|Any CPU.ActiveCfg = Release|Any CPU
		{25F9D59E-9FA6-426B-A680-C6F90BF24067}.Release|Any CPU.Build.0 = Release|Any CPU
		{18883ABC-95F6-4DB0-BE8C-65C081B450A2}.Debug|Any CPU.ActiveCfg = Debug|Any CPU
		{18883ABC-95F6-4DB0-BE8C-65C081B450A2}.Debug|Any CPU.Build.0 = Debug|Any CPU
		{18883ABC-95F6-4DB0-BE8C-65C081B450A2}.Release|Any CPU.ActiveCfg = Release|Any CPU
		{18883ABC-95F6-4DB0-BE8C-65C081B450A2}.Release|Any CPU.Build.0 = Release|Any CPU
		{391D8D3C-A72F-45B5-B4DD-D42F0FF932C9}.Debug|Any CPU.ActiveCfg = Debug|Any CPU
		{391D8D3C-A72F-45B5-B4DD-D42F0FF932C9}.Debug|Any CPU.Build.0 = Debug|Any CPU
		{391D8D3C-A72F-45B5-B4DD-D42F0FF932C9}.Release|Any CPU.ActiveCfg = Release|Any CPU
		{391D8D3C-A72F-45B5-B4DD-D42F0FF932C9}.Release|Any CPU.Build.0 = Release|Any CPU
		{87925733-5CE2-4BFA-B699-1C4EA412E9AE}.Debug|Any CPU.ActiveCfg = Debug|Any CPU
		{87925733-5CE2-4BFA-B699-1C4EA412E9AE}.Debug|Any CPU.Build.0 = Debug|Any CPU
		{87925733-5CE2-4BFA-B699-1C4EA412E9AE}.Release|Any CPU.ActiveCfg = Release|Any CPU
		{87925733-5CE2-4BFA-B699-1C4EA412E9AE}.Release|Any CPU.Build.0 = Release|Any CPU
		{49675798-616F-449F-B595-98663989CF32}.Debug|Any CPU.ActiveCfg = Debug|Any CPU
		{49675798-616F-449F-B595-98663989CF32}.Debug|Any CPU.Build.0 = Debug|Any CPU
		{49675798-616F-449F-B595-98663989CF32}.Release|Any CPU.ActiveCfg = Release|Any CPU
		{49675798-616F-449F-B595-98663989CF32}.Release|Any CPU.Build.0 = Release|Any CPU
		{7BD20455-2E80-4D62-8200-360506CEB882}.Debug|Any CPU.ActiveCfg = Debug|Any CPU
		{7BD20455-2E80-4D62-8200-360506CEB882}.Debug|Any CPU.Build.0 = Debug|Any CPU
		{7BD20455-2E80-4D62-8200-360506CEB882}.Release|Any CPU.ActiveCfg = Release|Any CPU
		{7BD20455-2E80-4D62-8200-360506CEB882}.Release|Any CPU.Build.0 = Release|Any CPU
		{8613DB2E-4997-4467-B4B3-4F2C3CE580AA}.Debug|Any CPU.ActiveCfg = Debug|Any CPU
		{8613DB2E-4997-4467-B4B3-4F2C3CE580AA}.Debug|Any CPU.Build.0 = Debug|Any CPU
		{8613DB2E-4997-4467-B4B3-4F2C3CE580AA}.Release|Any CPU.ActiveCfg = Release|Any CPU
		{8613DB2E-4997-4467-B4B3-4F2C3CE580AA}.Release|Any CPU.Build.0 = Release|Any CPU
		{1306FBDA-C352-42BC-87F3-E2980B73F507}.Debug|Any CPU.ActiveCfg = Debug|Any CPU
		{1306FBDA-C352-42BC-87F3-E2980B73F507}.Debug|Any CPU.Build.0 = Debug|Any CPU
		{1306FBDA-C352-42BC-87F3-E2980B73F507}.Release|Any CPU.ActiveCfg = Release|Any CPU
		{1306FBDA-C352-42BC-87F3-E2980B73F507}.Release|Any CPU.Build.0 = Release|Any CPU
	EndGlobalSection
	GlobalSection(SolutionProperties) = preSolution
		HideSolutionNode = FALSE
	EndGlobalSection
	GlobalSection(NestedProjects) = preSolution
		{FA190988-B4AA-417F-8C65-6B7DFF008448} = {02EA681E-C7D8-13C7-8484-4AC65E1B71E8}
		{4084D8F1-06D5-4329-82A4-CE54E16BCC74} = {02EA681E-C7D8-13C7-8484-4AC65E1B71E8}
		{CB7B9BAF-92E6-4E5C-A18F-72836C772FE0} = {02EA681E-C7D8-13C7-8484-4AC65E1B71E8}
		{522C3CF8-1BC9-46C5-9EE2-A00536692F0F} = {65E56B5F-0E77-4F58-9C97-623A02EFAEE3}
		{A38247B3-ABEA-4FE6-A6FA-C497C3EB14AB} = {65E56B5F-0E77-4F58-9C97-623A02EFAEE3}
		{3D8411E6-F01A-45B9-85DD-EBAA12121C4B} = {65E56B5F-0E77-4F58-9C97-623A02EFAEE3}
		{0A932CCA-7EFF-462C-9C3C-65E30A258135} = {76A943C9-BE59-48A3-8239-663F50B8750E}
		{98DF49B1-7DC2-4748-9214-78EB15B4B7B2} = {76A943C9-BE59-48A3-8239-663F50B8750E}
		{CA4A9862-884C-4768-9664-FDD8D2843569} = {76A943C9-BE59-48A3-8239-663F50B8750E}
		{580DBD70-0CB8-442F-B9A5-4105A4336C19} = {32FDBBC4-EA32-41C0-B65F-E4D25BC76B0B}
		{C4F2F71C-78F6-4BCF-896B-C4F4940B1866} = {32FDBBC4-EA32-41C0-B65F-E4D25BC76B0B}
		{7E9D957C-A9C3-4795-A288-142578D5B148} = {32FDBBC4-EA32-41C0-B65F-E4D25BC76B0B}
		{681BF377-2CE0-42E8-975F-5A6669DD379F} = {18A78628-2022-46E9-9F92-60E8CF72DB09}
		{25F9D59E-9FA6-426B-A680-C6F90BF24067} = {18A78628-2022-46E9-9F92-60E8CF72DB09}
		{18883ABC-95F6-4DB0-BE8C-65C081B450A2} = {18A78628-2022-46E9-9F92-60E8CF72DB09}
		{391D8D3C-A72F-45B5-B4DD-D42F0FF932C9} = {5EB7580C-12FE-4242-A500-EFF0C5CF0CED}
		{87925733-5CE2-4BFA-B699-1C4EA412E9AE} = {5EB7580C-12FE-4242-A500-EFF0C5CF0CED}
		{49675798-616F-449F-B595-98663989CF32} = {5EB7580C-12FE-4242-A500-EFF0C5CF0CED}
		{7BD20455-2E80-4D62-8200-360506CEB882} = {FECC5C6E-864A-40AD-AA32-B907BB6AD33B}
		{8613DB2E-4997-4467-B4B3-4F2C3CE580AA} = {FECC5C6E-864A-40AD-AA32-B907BB6AD33B}
		{1306FBDA-C352-42BC-87F3-E2980B73F507} = {FECC5C6E-864A-40AD-AA32-B907BB6AD33B}
	EndGlobalSection
	GlobalSection(ExtensibilityGlobals) = postSolution
		SolutionGuid = {33BAD0AD-B254-41F0-AB4A-BDAFAA370715}
	EndGlobalSection
EndGlobal
